lockfileVersion: '6.1'

settings:
  autoInstallPeers: true
  excludeLinksFromLockfile: false

devDependencies:
  glob:
    specifier: ^8.1.0
    version: 8.1.0
  typescript:
    specifier: ^4.9.5
    version: 4.9.5
  vite:
    specifier: ^4.1.1
    version: 4.1.1
  vitest:
    specifier: ^0.32.0
    version: mirrors.tencent.com/vitest@0.32.0

packages:

  /@esbuild/android-arm64@0.16.17:
    resolution: {integrity: sha512-MIGl6p5sc3RDTLLkYL1MyL8BMRN4tLMRCn+yRJJmEDvYZ2M7tmAf80hx1kbNEUX2KJ50RRtxZ4JHLvCfuB6kBg==}
    engines: {node: '>=12'}
    cpu: [arm64]
    os: [android]
    requiresBuild: true
    dev: true
    optional: true

  /@esbuild/android-arm@0.16.17:
    resolution: {integrity: sha512-N9x1CMXVhtWEAMS7pNNONyA14f71VPQN9Cnavj1XQh6T7bskqiLLrSca4O0Vr8Wdcga943eThxnVp3JLnBMYtw==}
    engines: {node: '>=12'}
    cpu: [arm]
    os: [android]
    requiresBuild: true
    dev: true
    optional: true

  /@esbuild/android-x64@0.16.17:
    resolution: {integrity: sha512-a3kTv3m0Ghh4z1DaFEuEDfz3OLONKuFvI4Xqczqx4BqLyuFaFkuaG4j2MtA6fuWEFeC5x9IvqnX7drmRq/fyAQ==}
    engines: {node: '>=12'}
    cpu: [x64]
    os: [android]
    requiresBuild: true
    dev: true
    optional: true

  /@esbuild/darwin-arm64@0.16.17:
    resolution: {integrity: sha512-/2agbUEfmxWHi9ARTX6OQ/KgXnOWfsNlTeLcoV7HSuSTv63E4DqtAc+2XqGw1KHxKMHGZgbVCZge7HXWX9Vn+w==}
    engines: {node: '>=12'}
    cpu: [arm64]
    os: [darwin]
    requiresBuild: true
    dev: true
    optional: true

  /@esbuild/darwin-x64@0.16.17:
    resolution: {integrity: sha512-2By45OBHulkd9Svy5IOCZt376Aa2oOkiE9QWUK9fe6Tb+WDr8hXL3dpqi+DeLiMed8tVXspzsTAvd0jUl96wmg==}
    engines: {node: '>=12'}
    cpu: [x64]
    os: [darwin]
    requiresBuild: true
    dev: true
    optional: true

  /@esbuild/freebsd-arm64@0.16.17:
    resolution: {integrity: sha512-mt+cxZe1tVx489VTb4mBAOo2aKSnJ33L9fr25JXpqQqzbUIw/yzIzi+NHwAXK2qYV1lEFp4OoVeThGjUbmWmdw==}
    engines: {node: '>=12'}
    cpu: [arm64]
    os: [freebsd]
    requiresBuild: true
    dev: true
    optional: true

  /@esbuild/freebsd-x64@0.16.17:
    resolution: {integrity: sha512-8ScTdNJl5idAKjH8zGAsN7RuWcyHG3BAvMNpKOBaqqR7EbUhhVHOqXRdL7oZvz8WNHL2pr5+eIT5c65kA6NHug==}
    engines: {node: '>=12'}
    cpu: [x64]
    os: [freebsd]
    requiresBuild: true
    dev: true
    optional: true

  /@esbuild/linux-arm64@0.16.17:
    resolution: {integrity: sha512-7S8gJnSlqKGVJunnMCrXHU9Q8Q/tQIxk/xL8BqAP64wchPCTzuM6W3Ra8cIa1HIflAvDnNOt2jaL17vaW+1V0g==}
    engines: {node: '>=12'}
    cpu: [arm64]
    os: [linux]
    requiresBuild: true
    dev: true
    optional: true

  /@esbuild/linux-arm@0.16.17:
    resolution: {integrity: sha512-iihzrWbD4gIT7j3caMzKb/RsFFHCwqqbrbH9SqUSRrdXkXaygSZCZg1FybsZz57Ju7N/SHEgPyaR0LZ8Zbe9gQ==}
    engines: {node: '>=12'}
    cpu: [arm]
    os: [linux]
    requiresBuild: true
    dev: true
    optional: true

  /@esbuild/linux-ia32@0.16.17:
    resolution: {integrity: sha512-kiX69+wcPAdgl3Lonh1VI7MBr16nktEvOfViszBSxygRQqSpzv7BffMKRPMFwzeJGPxcio0pdD3kYQGpqQ2SSg==}
    engines: {node: '>=12'}
    cpu: [ia32]
    os: [linux]
    requiresBuild: true
    dev: true
    optional: true

  /@esbuild/linux-loong64@0.16.17:
    resolution: {integrity: sha512-dTzNnQwembNDhd654cA4QhbS9uDdXC3TKqMJjgOWsC0yNCbpzfWoXdZvp0mY7HU6nzk5E0zpRGGx3qoQg8T2DQ==}
    engines: {node: '>=12'}
    cpu: [loong64]
    os: [linux]
    requiresBuild: true
    dev: true
    optional: true

  /@esbuild/linux-mips64el@0.16.17:
    resolution: {integrity: sha512-ezbDkp2nDl0PfIUn0CsQ30kxfcLTlcx4Foz2kYv8qdC6ia2oX5Q3E/8m6lq84Dj/6b0FrkgD582fJMIfHhJfSw==}
    engines: {node: '>=12'}
    cpu: [mips64el]
    os: [linux]
    requiresBuild: true
    dev: true
    optional: true

  /@esbuild/linux-ppc64@0.16.17:
    resolution: {integrity: sha512-dzS678gYD1lJsW73zrFhDApLVdM3cUF2MvAa1D8K8KtcSKdLBPP4zZSLy6LFZ0jYqQdQ29bjAHJDgz0rVbLB3g==}
    engines: {node: '>=12'}
    cpu: [ppc64]
    os: [linux]
    requiresBuild: true
    dev: true
    optional: true

  /@esbuild/linux-riscv64@0.16.17:
    resolution: {integrity: sha512-ylNlVsxuFjZK8DQtNUwiMskh6nT0vI7kYl/4fZgV1llP5d6+HIeL/vmmm3jpuoo8+NuXjQVZxmKuhDApK0/cKw==}
    engines: {node: '>=12'}
    cpu: [riscv64]
    os: [linux]
    requiresBuild: true
    dev: true
    optional: true

  /@esbuild/linux-s390x@0.16.17:
    resolution: {integrity: sha512-gzy7nUTO4UA4oZ2wAMXPNBGTzZFP7mss3aKR2hH+/4UUkCOyqmjXiKpzGrY2TlEUhbbejzXVKKGazYcQTZWA/w==}
    engines: {node: '>=12'}
    cpu: [s390x]
    os: [linux]
    requiresBuild: true
    dev: true
    optional: true

  /@esbuild/linux-x64@0.16.17:
    resolution: {integrity: sha512-mdPjPxfnmoqhgpiEArqi4egmBAMYvaObgn4poorpUaqmvzzbvqbowRllQ+ZgzGVMGKaPkqUmPDOOFQRUFDmeUw==}
    engines: {node: '>=12'}
    cpu: [x64]
    os: [linux]
    requiresBuild: true
    dev: true
    optional: true

  /@esbuild/netbsd-x64@0.16.17:
    resolution: {integrity: sha512-/PzmzD/zyAeTUsduZa32bn0ORug+Jd1EGGAUJvqfeixoEISYpGnAezN6lnJoskauoai0Jrs+XSyvDhppCPoKOA==}
    engines: {node: '>=12'}
    cpu: [x64]
    os: [netbsd]
    requiresBuild: true
    dev: true
    optional: true

  /@esbuild/openbsd-x64@0.16.17:
    resolution: {integrity: sha512-2yaWJhvxGEz2RiftSk0UObqJa/b+rIAjnODJgv2GbGGpRwAfpgzyrg1WLK8rqA24mfZa9GvpjLcBBg8JHkoodg==}
    engines: {node: '>=12'}
    cpu: [x64]
    os: [openbsd]
    requiresBuild: true
    dev: true
    optional: true

  /@esbuild/sunos-x64@0.16.17:
    resolution: {integrity: sha512-xtVUiev38tN0R3g8VhRfN7Zl42YCJvyBhRKw1RJjwE1d2emWTVToPLNEQj/5Qxc6lVFATDiy6LjVHYhIPrLxzw==}
    engines: {node: '>=12'}
    cpu: [x64]
    os: [sunos]
    requiresBuild: true
    dev: true
    optional: true

  /@esbuild/win32-arm64@0.16.17:
    resolution: {integrity: sha512-ga8+JqBDHY4b6fQAmOgtJJue36scANy4l/rL97W+0wYmijhxKetzZdKOJI7olaBaMhWt8Pac2McJdZLxXWUEQw==}
    engines: {node: '>=12'}
    cpu: [arm64]
    os: [win32]
    requiresBuild: true
    dev: true
    optional: true

  /@esbuild/win32-ia32@0.16.17:
    resolution: {integrity: sha512-WnsKaf46uSSF/sZhwnqE4L/F89AYNMiD4YtEcYekBt9Q7nj0DiId2XH2Ng2PHM54qi5oPrQ8luuzGszqi/veig==}
    engines: {node: '>=12'}
    cpu: [ia32]
    os: [win32]
    requiresBuild: true
    dev: true
    optional: true

  /@esbuild/win32-x64@0.16.17:
    resolution: {integrity: sha512-y+EHuSchhL7FjHgvQL/0fnnFmO4T1bhvWANX6gcnqTjtnKWbTvUMCpGnv2+t+31d7RzyEAYAd4u2fnIhHL6N/Q==}
    engines: {node: '>=12'}
    cpu: [x64]
    os: [win32]
    requiresBuild: true
    dev: true
    optional: true

  /balanced-match@1.0.2:
    resolution: {integrity: sha512-3oSeUO0TMV67hN1AmbXsK4yaqU7tjiHlbxRDZOpH0KW9+CeX4bRAaX0Anxt0tx2MrpRpWwQaPwIlISEJhYU5Pw==}
    dev: true

  /brace-expansion@2.0.1:
    resolution: {integrity: sha512-XnAIvQ8eM+kC6aULx6wuQiwVsnzsi9d3WxzV3FpWTGA19F621kwdbsAcFKXgKUHZWsy+mY6iL1sHTxWEFCytDA==}
    dependencies:
      balanced-match: 1.0.2
    dev: true

  /esbuild@0.16.17:
    resolution: {integrity: sha512-G8LEkV0XzDMNwXKgM0Jwu3nY3lSTwSGY6XbxM9cr9+s0T/qSV1q1JVPBGzm3dcjhCic9+emZDmMffkwgPeOeLg==}
    engines: {node: '>=12'}
    hasBin: true
    requiresBuild: true
    optionalDependencies:
      '@esbuild/android-arm': 0.16.17
      '@esbuild/android-arm64': 0.16.17
      '@esbuild/android-x64': 0.16.17
      '@esbuild/darwin-arm64': 0.16.17
      '@esbuild/darwin-x64': 0.16.17
      '@esbuild/freebsd-arm64': 0.16.17
      '@esbuild/freebsd-x64': 0.16.17
      '@esbuild/linux-arm': 0.16.17
      '@esbuild/linux-arm64': 0.16.17
      '@esbuild/linux-ia32': 0.16.17
      '@esbuild/linux-loong64': 0.16.17
      '@esbuild/linux-mips64el': 0.16.17
      '@esbuild/linux-ppc64': 0.16.17
      '@esbuild/linux-riscv64': 0.16.17
      '@esbuild/linux-s390x': 0.16.17
      '@esbuild/linux-x64': 0.16.17
      '@esbuild/netbsd-x64': 0.16.17
      '@esbuild/openbsd-x64': 0.16.17
      '@esbuild/sunos-x64': 0.16.17
      '@esbuild/win32-arm64': 0.16.17
      '@esbuild/win32-ia32': 0.16.17
      '@esbuild/win32-x64': 0.16.17
    dev: true

  /fs.realpath@1.0.0:
    resolution: {integrity: sha1-FQStJSMVjKpA20onh8sBQRmU6k8=}
    dev: true

  /function-bind@1.1.1:
    resolution: {integrity: sha512-yIovAzMX49sF8Yl58fSCWJ5svSLuaibPxXQJFLmBObTuCr0Mf1KiPopGM9NiFjiYBCbfaa2Fh6breQ6ANVTI0A==}
    dev: true

  /glob@8.1.0:
    resolution: {integrity: sha512-r8hpEjiQEYlF2QU0df3dS+nxxSIreXQS1qRhMJM0Q5NDdR386C7jb7Hwwod8Fgiuex+k0GFjgft18yvxm5XoCQ==}
    engines: {node: '>=12'}
    dependencies:
      fs.realpath: 1.0.0
      inflight: 1.0.6
      inherits: 2.0.4
      minimatch: 5.1.6
      once: 1.4.0
    dev: true

  /has@1.0.3:
    resolution: {integrity: sha512-f2dvO0VU6Oej7RkWJGrehjbzMAjFp5/VKPp5tTpWIV4JHHZK1/BxbFRtf/siA2SWTe09caDmVtYYzWEIbBS4zw==}
    engines: {node: '>= 0.4.0'}
    dependencies:
      function-bind: 1.1.1
    dev: true

  /inflight@1.0.6:
    resolution: {integrity: sha1-Sb1jMdfQLQwJvJEKEHW6gWW1bfk=}
    dependencies:
      once: 1.4.0
      wrappy: 1.0.2
    dev: true

  /inherits@2.0.4:
    resolution: {integrity: sha512-k/vGaX4/Yla3WzyMCvTQOXYeIHvqOKtnqBduzTHpzpQZzAskKMhZ2K+EnBiSM9zGSoIFeMpXKxa4dYeZIQqewQ==}
    dev: true

  /is-core-module@2.11.0:
    resolution: {integrity: sha512-RRjxlvLDkD1YJwDbroBHMb+cukurkDWNyHx7D3oNB5x9rb5ogcksMC5wHCadcXoo67gVr/+3GFySh3134zi6rw==}
    dependencies:
      has: 1.0.3
    dev: true

  /minimatch@5.1.6:
    resolution: {integrity: sha512-lKwV/1brpG6mBUFHtb7NUmtABCb2WZZmm2wNiOA5hAb8VdCS4B3dtMWyvcoViccwAW/COERjXLt0zP1zXUN26g==}
    engines: {node: '>=10'}
    dependencies:
      brace-expansion: 2.0.1
    dev: true

  /nanoid@3.3.4:
    resolution: {integrity: sha512-MqBkQh/OHTS2egovRtLk45wEyNXwF+cokD+1YPf9u5VfJiRdAiRwB2froX5Co9Rh20xs4siNPm8naNotSD6RBw==}
    engines: {node: ^10 || ^12 || ^13.7 || ^14 || >=15.0.1}
    hasBin: true
    dev: true

  /once@1.4.0:
    resolution: {integrity: sha1-WDsap3WWHUsROsF9nFC6753Xa9E=}
    dependencies:
      wrappy: 1.0.2
    dev: true

  /path-parse@1.0.7:
    resolution: {integrity: sha512-LDJzPVEEEPR+y48z93A0Ed0yXb8pAByGWo/k5YYdYgpY2/2EsOsksJrq7lOHxryrVOn1ejG6oAp8ahvOIQD8sw==}
    dev: true

  /picocolors@1.0.0:
    resolution: {integrity: sha512-1fygroTLlHu66zi26VoTDv8yRgm0Fccecssto+MhsZ0D/DGW2sm8E8AjW7NU5VVTRt5GxbeZ5qBuJr+HyLYkjQ==}
    dev: true

  /postcss@8.4.21:
    resolution: {integrity: sha512-tP7u/Sn/dVxK2NnruI4H9BG+x+Wxz6oeZ1cJ8P6G/PZY0IKk4k/63TDsQf2kQq3+qoJeLm2kIBUNlZe3zgb4Zg==}
    engines: {node: ^10 || ^12 || >=14}
    dependencies:
      nanoid: 3.3.4
      picocolors: 1.0.0
      source-map-js: 1.0.2
    dev: true

  /resolve@1.22.1:
    resolution: {integrity: sha512-nBpuuYuY5jFsli/JIs1oldw6fOQCBioohqWZg/2hiaOybXOft4lonv85uDOKXdf8rhyK159cxU5cDcK/NKk8zw==}
    hasBin: true
    dependencies:
      is-core-module: 2.11.0
      path-parse: 1.0.7
      supports-preserve-symlinks-flag: 1.0.0
    dev: true

  /rollup@3.15.0:
    resolution: {integrity: sha512-F9hrCAhnp5/zx/7HYmftvsNBkMfLfk/dXUh73hPSM2E3CRgap65orDNJbLetoiUFwSAk6iHPLvBrZ5iHYvzqsg==}
    engines: {node: '>=14.18.0', npm: '>=8.0.0'}
    hasBin: true
    optionalDependencies:
      fsevents: mirrors.tencent.com/fsevents@2.3.2
    dev: true

  /source-map-js@1.0.2:
    resolution: {integrity: sha512-R0XvVJ9WusLiqTCEiGCmICCMplcCkIwwR11mOSD9CR5u+IXYdiseeEuXCVAjS54zqwkLcPNnmU4OeJ6tUrWhDw==}
    engines: {node: '>=0.10.0'}
    dev: true

  /supports-preserve-symlinks-flag@1.0.0:
    resolution: {integrity: sha512-ot0WnXS9fgdkgIcePe6RHNk1WA8+muPa6cSjeR3V8K27q9BB1rTE3R1p7Hv0z1ZyAc8s6Vvv8DIyWf681MAt0w==}
    engines: {node: '>= 0.4'}
    dev: true

  /typescript@4.9.5:
    resolution: {integrity: sha512-1FXk9E2Hm+QzZQ7z+McJiHL4NW1F2EzMu9Nq9i3zAaGqibafqYwCVU6WyWAuyQRRzOlxou8xZSyXLEN8oKj24g==}
    engines: {node: '>=4.2.0'}
    hasBin: true
    dev: true

  /vite@4.1.1:
    resolution: {integrity: sha512-LM9WWea8vsxhr782r9ntg+bhSFS06FJgCvvB0+8hf8UWtvaiDagKYWXndjfX6kGl74keHJUcpzrQliDXZlF5yg==}
    engines: {node: ^14.18.0 || >=16.0.0}
    hasBin: true
    peerDependencies:
      '@types/node': '>= 14'
      less: '*'
      sass: '*'
      stylus: '*'
      sugarss: '*'
      terser: ^5.4.0
    peerDependenciesMeta:
      '@types/node':
        optional: true
      less:
        optional: true
      sass:
        optional: true
      stylus:
        optional: true
      sugarss:
        optional: true
      terser:
        optional: true
    dependencies:
      esbuild: 0.16.17
      postcss: 8.4.21
      resolve: 1.22.1
      rollup: 3.15.0
    optionalDependencies:
      fsevents: mirrors.tencent.com/fsevents@2.3.2
    dev: true

  /wrappy@1.0.2:
    resolution: {integrity: sha1-tSQ9jz7BqjXxNkYFvA0QNuMKtp8=}
    dev: true

  mirrors.tencent.com/@jridgewell/sourcemap-codec@1.4.15:
    resolution: {integrity: sha512-eF2rxCRulEKXHTRiDrDy6erMYWqNw4LPdQ8UQA4huuxaQsVeRPFl2oM8oDGxMFhJUWZf9McpLtJasDDZb/Bpeg==, registry: https://mirrors.cloud.tencent.com/npm/, tarball: https://mirrors.tencent.com/npm/@jridgewell/sourcemap-codec/-/sourcemap-codec-1.4.15.tgz}
    name: '@jridgewell/sourcemap-codec'
    version: 1.4.15
    dev: true

  mirrors.tencent.com/@types/chai-subset@1.3.3:
    resolution: {integrity: sha512-frBecisrNGz+F4T6bcc+NLeolfiojh5FxW2klu669+8BARtyQv2C/GkNW6FUodVe4BroGMP/wER/YDGc7rEllw==, registry: https://mirrors.cloud.tencent.com/npm/, tarball: https://mirrors.tencent.com/npm/@types/chai-subset/-/chai-subset-1.3.3.tgz}
    name: '@types/chai-subset'
    version: 1.3.3
    dependencies:
      '@types/chai': mirrors.tencent.com/@types/chai@4.3.5
    dev: true

  mirrors.tencent.com/@types/chai@4.3.5:
    resolution: {integrity: sha512-mEo1sAde+UCE6b2hxn332f1g1E8WfYRu6p5SvTKr2ZKC1f7gFJXk4h5PyGP9Dt6gCaG8y8XhwnXWC6Iy2cmBng==, registry: https://mirrors.cloud.tencent.com/npm/, tarball: https://mirrors.tencent.com/npm/@types/chai/-/chai-4.3.5.tgz}
    name: '@types/chai'
    version: 4.3.5
    dev: true

  mirrors.tencent.com/@types/node@20.3.1:
    resolution: {integrity: sha512-EhcH/wvidPy1WeML3TtYFGR83UzjxeWRen9V402T8aUGYsCHOmfoisV3ZSg03gAFIbLq8TnWOJ0f4cALtnSEUg==, registry: https://mirrors.cloud.tencent.com/npm/, tarball: https://mirrors.tencent.com/npm/@types/node/-/node-20.3.1.tgz}
    name: '@types/node'
    version: 20.3.1
    dev: true

  mirrors.tencent.com/@vitest/expect@0.32.0:
    resolution: {integrity: sha512-VxVHhIxKw9Lux+O9bwLEEk2gzOUe93xuFHy9SzYWnnoYZFYg1NfBtnfnYWiJN7yooJ7KNElCK5YtA7DTZvtXtg==, registry: https://mirrors.cloud.tencent.com/npm/, tarball: https://mirrors.tencent.com/npm/@vitest/expect/-/expect-0.32.0.tgz}
    name: '@vitest/expect'
    version: 0.32.0
    dependencies:
      '@vitest/spy': mirrors.tencent.com/@vitest/spy@0.32.0
      '@vitest/utils': mirrors.tencent.com/@vitest/utils@0.32.0
      chai: mirrors.tencent.com/chai@4.3.7
    dev: true

  mirrors.tencent.com/@vitest/runner@0.32.0:
    resolution: {integrity: sha512-QpCmRxftHkr72xt5A08xTEs9I4iWEXIOCHWhQQguWOKE4QH7DXSKZSOFibuwEIMAD7G0ERvtUyQn7iPWIqSwmw==, registry: https://mirrors.cloud.tencent.com/npm/, tarball: https://mirrors.tencent.com/npm/@vitest/runner/-/runner-0.32.0.tgz}
    name: '@vitest/runner'
    version: 0.32.0
    dependencies:
      '@vitest/utils': mirrors.tencent.com/@vitest/utils@0.32.0
      concordance: mirrors.tencent.com/concordance@5.0.4
      p-limit: mirrors.tencent.com/p-limit@4.0.0
      pathe: mirrors.tencent.com/pathe@1.1.1
    dev: true

  mirrors.tencent.com/@vitest/snapshot@0.32.0:
    resolution: {integrity: sha512-yCKorPWjEnzpUxQpGlxulujTcSPgkblwGzAUEL+z01FTUg/YuCDZ8dxr9sHA08oO2EwxzHXNLjQKWJ2zc2a19Q==, registry: https://mirrors.cloud.tencent.com/npm/, tarball: https://mirrors.tencent.com/npm/@vitest/snapshot/-/snapshot-0.32.0.tgz}
    name: '@vitest/snapshot'
    version: 0.32.0
    dependencies:
      magic-string: mirrors.tencent.com/magic-string@0.30.0
      pathe: mirrors.tencent.com/pathe@1.1.1
      pretty-format: mirrors.tencent.com/pretty-format@27.5.1
    dev: true

  mirrors.tencent.com/@vitest/spy@0.32.0:
    resolution: {integrity: sha512-MruAPlM0uyiq3d53BkwTeShXY0rYEfhNGQzVO5GHBmmX3clsxcWp79mMnkOVcV244sNTeDcHbcPFWIjOI4tZvw==, registry: https://mirrors.cloud.tencent.com/npm/, tarball: https://mirrors.tencent.com/npm/@vitest/spy/-/spy-0.32.0.tgz}
    name: '@vitest/spy'
    version: 0.32.0
    dependencies:
      tinyspy: mirrors.tencent.com/tinyspy@2.1.1
    dev: true

  mirrors.tencent.com/@vitest/utils@0.32.0:
    resolution: {integrity: sha512-53yXunzx47MmbuvcOPpLaVljHaeSu1G2dHdmy7+9ngMnQIkBQcvwOcoclWFnxDMxFbnq8exAfh3aKSZaK71J5A==, registry: https://mirrors.cloud.tencent.com/npm/, tarball: https://mirrors.tencent.com/npm/@vitest/utils/-/utils-0.32.0.tgz}
    name: '@vitest/utils'
    version: 0.32.0
    dependencies:
      concordance: mirrors.tencent.com/concordance@5.0.4
      loupe: mirrors.tencent.com/loupe@2.3.6
      pretty-format: mirrors.tencent.com/pretty-format@27.5.1
    dev: true

  mirrors.tencent.com/acorn-walk@8.2.0:
    resolution: {integrity: sha512-k+iyHEuPgSw6SbuDpGQM+06HQUa04DZ3o+F6CSzXMvvI5KMvnaEqXe+YVe555R9nn6GPt404fos4wcgpw12SDA==, registry: https://mirrors.cloud.tencent.com/npm/, tarball: https://mirrors.tencent.com/npm/acorn-walk/-/acorn-walk-8.2.0.tgz}
    name: acorn-walk
    version: 8.2.0
    engines: {node: '>=0.4.0'}
    dev: true

  mirrors.tencent.com/acorn@8.8.2:
    resolution: {integrity: sha512-xjIYgE8HBrkpd/sJqOGNspf8uHG+NOHGOw6a/Urj8taM2EXfdNAH2oFcPeIFfsv3+kz/mJrS5VuMqbNLjCa2vw==, registry: https://mirrors.cloud.tencent.com/npm/, tarball: https://mirrors.tencent.com/npm/acorn/-/acorn-8.8.2.tgz}
    name: acorn
    version: 8.8.2
    engines: {node: '>=0.4.0'}
    hasBin: true
    dev: true

  mirrors.tencent.com/ansi-regex@5.0.1:
    resolution: {integrity: sha512-quJQXlTSUGL2LH9SUXo8VwsY4soanhgo6LNSm84E1LBcE8s3O0wpdiRzyR9z/ZZJMlMWv37qOOb9pdJlMUEKFQ==, registry: https://mirrors.cloud.tencent.com/npm/, tarball: https://mirrors.tencent.com/npm/ansi-regex/-/ansi-regex-5.0.1.tgz}
    name: ansi-regex
    version: 5.0.1
    engines: {node: '>=8'}
    dev: true

  mirrors.tencent.com/ansi-styles@5.2.0:
    resolution: {integrity: sha512-Cxwpt2SfTzTtXcfOlzGEee8O+c+MmUgGrNiBcXnuWxuFJHe6a5Hz7qwhwe5OgaSYI0IJvkLqWX1ASG+cJOkEiA==, registry: https://mirrors.cloud.tencent.com/npm/, tarball: https://mirrors.tencent.com/npm/ansi-styles/-/ansi-styles-5.2.0.tgz}
    name: ansi-styles
    version: 5.2.0
    engines: {node: '>=10'}
    dev: true

  mirrors.tencent.com/assertion-error@1.1.0:
    resolution: {integrity: sha512-jgsaNduz+ndvGyFt3uSuWqvy4lCnIJiovtouQN5JZHOKCS2QuhEdbcQHFhVksz2N2U9hXJo8odG7ETyWlEeuDw==, registry: https://mirrors.cloud.tencent.com/npm/, tarball: https://mirrors.tencent.com/npm/assertion-error/-/assertion-error-1.1.0.tgz}
    name: assertion-error
    version: 1.1.0
    dev: true

  mirrors.tencent.com/blueimp-md5@2.19.0:
    resolution: {integrity: sha512-DRQrD6gJyy8FbiE4s+bDoXS9hiW3Vbx5uCdwvcCf3zLHL+Iv7LtGHLpr+GZV8rHG8tK766FGYBwRbu8pELTt+w==, registry: https://mirrors.cloud.tencent.com/npm/, tarball: https://mirrors.tencent.com/npm/blueimp-md5/-/blueimp-md5-2.19.0.tgz}
    name: blueimp-md5
    version: 2.19.0
    dev: true

  mirrors.tencent.com/cac@6.7.14:
    resolution: {integrity: sha512-b6Ilus+c3RrdDk+JhLKUAQfzzgLEPy6wcXqS7f/xe1EETvsDP6GORG7SFuOs6cID5YkqchW/LXZbX5bc8j7ZcQ==, registry: https://mirrors.cloud.tencent.com/npm/, tarball: https://mirrors.tencent.com/npm/cac/-/cac-6.7.14.tgz}
    name: cac
    version: 6.7.14
    engines: {node: '>=8'}
    dev: true

  mirrors.tencent.com/chai@4.3.7:
    resolution: {integrity: sha512-HLnAzZ2iupm25PlN0xFreAlBA5zaBSv3og0DdeGA4Ar6h6rJ3A0rolRUKJhSF2V10GZKDgWF/VmAEsNWjCRB+A==, registry: https://mirrors.cloud.tencent.com/npm/, tarball: https://mirrors.tencent.com/npm/chai/-/chai-4.3.7.tgz}
    name: chai
    version: 4.3.7
    engines: {node: '>=4'}
    dependencies:
      assertion-error: mirrors.tencent.com/assertion-error@1.1.0
      check-error: mirrors.tencent.com/check-error@1.0.2
      deep-eql: mirrors.tencent.com/deep-eql@4.1.3
      get-func-name: mirrors.tencent.com/get-func-name@2.0.0
      loupe: mirrors.tencent.com/loupe@2.3.6
      pathval: mirrors.tencent.com/pathval@1.1.1
      type-detect: mirrors.tencent.com/type-detect@4.0.8
    dev: true

  mirrors.tencent.com/check-error@1.0.2:
    resolution: {integrity: sha1-V00xLt2Iu13YkS6Sht1sCu1KrII=, registry: https://mirrors.cloud.tencent.com/npm/, tarball: https://mirrors.tencent.com/npm/check-error/-/check-error-1.0.2.tgz}
    name: check-error
    version: 1.0.2
    dev: true

  mirrors.tencent.com/concordance@5.0.4:
    resolution: {integrity: sha512-OAcsnTEYu1ARJqWVGwf4zh4JDfHZEaSNlNccFmt8YjB2l/n19/PF2viLINHc57vO4FKIAFl2FWASIGZZWZ2Kxw==, registry: https://mirrors.cloud.tencent.com/npm/, tarball: https://mirrors.tencent.com/npm/concordance/-/concordance-5.0.4.tgz}
    name: concordance
    version: 5.0.4
    engines: {node: '>=10.18.0 <11 || >=12.14.0 <13 || >=14'}
    dependencies:
      date-time: mirrors.tencent.com/date-time@3.1.0
      esutils: mirrors.tencent.com/esutils@2.0.3
      fast-diff: mirrors.tencent.com/fast-diff@1.3.0
      js-string-escape: mirrors.tencent.com/js-string-escape@1.0.1
      lodash: mirrors.tencent.com/lodash@4.17.21
      md5-hex: mirrors.tencent.com/md5-hex@3.0.1
      semver: mirrors.tencent.com/semver@7.5.1
      well-known-symbols: mirrors.tencent.com/well-known-symbols@2.0.0
    dev: true

  mirrors.tencent.com/date-time@3.1.0:
    resolution: {integrity: sha512-uqCUKXE5q1PNBXjPqvwhwJf9SwMoAHBgWJ6DcrnS5o+W2JOiIILl0JEdVD8SGujrNS02GGxgwAg2PN2zONgtjg==, registry: https://mirrors.cloud.tencent.com/npm/, tarball: https://mirrors.tencent.com/npm/date-time/-/date-time-3.1.0.tgz}
    name: date-time
    version: 3.1.0
    engines: {node: '>=6'}
    dependencies:
      time-zone: mirrors.tencent.com/time-zone@1.0.0
    dev: true

  mirrors.tencent.com/debug@4.3.4:
    resolution: {integrity: sha512-PRWFHuSU3eDtQJPvnNY7Jcket1j0t5OuOsFzPPzsekD52Zl8qUfFIPEiswXqIvHWGVHOgX+7G/vCNNhehwxfkQ==, registry: https://mirrors.cloud.tencent.com/npm/, tarball: https://mirrors.tencent.com/npm/debug/-/debug-4.3.4.tgz}
    name: debug
    version: 4.3.4
    engines: {node: '>=6.0'}
    peerDependencies:
      supports-color: '*'
    peerDependenciesMeta:
      supports-color:
        optional: true
    dependencies:
      ms: mirrors.tencent.com/ms@2.1.2
    dev: true

  mirrors.tencent.com/deep-eql@4.1.3:
    resolution: {integrity: sha512-WaEtAOpRA1MQ0eohqZjpGD8zdI0Ovsm8mmFhaDN8dvDZzyoUMcYDnf5Y6iu7HTXxf8JDS23qWa4a+hKCDyOPzw==, registry: https://mirrors.cloud.tencent.com/npm/, tarball: https://mirrors.tencent.com/npm/deep-eql/-/deep-eql-4.1.3.tgz}
    name: deep-eql
    version: 4.1.3
    engines: {node: '>=6'}
    dependencies:
      type-detect: mirrors.tencent.com/type-detect@4.0.8
    dev: true

  mirrors.tencent.com/esbuild@0.16.17:
    resolution: {integrity: sha512-G8LEkV0XzDMNwXKgM0Jwu3nY3lSTwSGY6XbxM9cr9+s0T/qSV1q1JVPBGzm3dcjhCic9+emZDmMffkwgPeOeLg==, registry: https://mirrors.cloud.tencent.com/npm/, tarball: https://mirrors.tencent.com/npm/esbuild/-/esbuild-0.16.17.tgz}
    name: esbuild
    version: 0.16.17
    engines: {node: '>=12'}
    hasBin: true
    requiresBuild: true
    optionalDependencies:
      '@esbuild/android-arm': 0.16.17
      '@esbuild/android-arm64': 0.16.17
      '@esbuild/android-x64': 0.16.17
      '@esbuild/darwin-arm64': 0.16.17
      '@esbuild/darwin-x64': 0.16.17
      '@esbuild/freebsd-arm64': 0.16.17
      '@esbuild/freebsd-x64': 0.16.17
      '@esbuild/linux-arm': 0.16.17
      '@esbuild/linux-arm64': 0.16.17
      '@esbuild/linux-ia32': 0.16.17
      '@esbuild/linux-loong64': 0.16.17
      '@esbuild/linux-mips64el': 0.16.17
      '@esbuild/linux-ppc64': 0.16.17
      '@esbuild/linux-riscv64': 0.16.17
      '@esbuild/linux-s390x': 0.16.17
      '@esbuild/linux-x64': 0.16.17
      '@esbuild/netbsd-x64': 0.16.17
      '@esbuild/openbsd-x64': 0.16.17
      '@esbuild/sunos-x64': 0.16.17
      '@esbuild/win32-arm64': 0.16.17
      '@esbuild/win32-ia32': 0.16.17
      '@esbuild/win32-x64': 0.16.17
    dev: true

  mirrors.tencent.com/esutils@2.0.3:
    resolution: {integrity: sha512-kVscqXk4OCp68SZ0dkgEKVi6/8ij300KBWTJq32P/dYeWTSwK41WyTxalN1eRmA5Z9UU/LX9D7FWSmV9SAYx6g==, registry: https://mirrors.cloud.tencent.com/npm/, tarball: https://mirrors.tencent.com/npm/esutils/-/esutils-2.0.3.tgz}
    name: esutils
    version: 2.0.3
    engines: {node: '>=0.10.0'}
    dev: true

  mirrors.tencent.com/fast-diff@1.3.0:
    resolution: {integrity: sha512-VxPP4NqbUjj6MaAOafWeUn2cXWLcCtljklUtZf0Ind4XQ+QPtmA0b18zZy0jIQx+ExRVCR/ZQpBmik5lXshNsw==, registry: https://mirrors.cloud.tencent.com/npm/, tarball: https://mirrors.tencent.com/npm/fast-diff/-/fast-diff-1.3.0.tgz}
    name: fast-diff
    version: 1.3.0
    dev: true

  mirrors.tencent.com/fsevents@2.3.2:
    resolution: {integrity: sha512-xiqMQR4xAeHTuB9uWm+fFRcIOgKBMiOBP+eXiyT7jsgVCq1bkVygt00oASowB7EdtpOHaaPgKt812P9ab+DDKA==, registry: https://mirrors.cloud.tencent.com/npm/, tarball: https://mirrors.tencent.com/npm/fsevents/-/fsevents-2.3.2.tgz}
    name: fsevents
    version: 2.3.2
    engines: {node: ^8.16.0 || ^10.6.0 || >=11.0.0}
    os: [darwin]
    requiresBuild: true
    dev: true
    optional: true

  mirrors.tencent.com/function-bind@1.1.1:
    resolution: {integrity: sha512-yIovAzMX49sF8Yl58fSCWJ5svSLuaibPxXQJFLmBObTuCr0Mf1KiPopGM9NiFjiYBCbfaa2Fh6breQ6ANVTI0A==, registry: https://mirrors.cloud.tencent.com/npm/, tarball: https://mirrors.tencent.com/npm/function-bind/-/function-bind-1.1.1.tgz}
    name: function-bind
    version: 1.1.1
    dev: true

  mirrors.tencent.com/get-func-name@2.0.0:
    resolution: {integrity: sha1-6td0q+5y4gQJQzoGY2YCPdaIekE=, registry: https://mirrors.cloud.tencent.com/npm/, tarball: https://mirrors.tencent.com/npm/get-func-name/-/get-func-name-2.0.0.tgz}
    name: get-func-name
    version: 2.0.0
    dev: true

  mirrors.tencent.com/has@1.0.3:
    resolution: {integrity: sha512-f2dvO0VU6Oej7RkWJGrehjbzMAjFp5/VKPp5tTpWIV4JHHZK1/BxbFRtf/siA2SWTe09caDmVtYYzWEIbBS4zw==, registry: https://mirrors.cloud.tencent.com/npm/, tarball: https://mirrors.tencent.com/npm/has/-/has-1.0.3.tgz}
    name: has
    version: 1.0.3
    engines: {node: '>= 0.4.0'}
    dependencies:
      function-bind: mirrors.tencent.com/function-bind@1.1.1
    dev: true

  mirrors.tencent.com/is-core-module@2.11.0:
    resolution: {integrity: sha512-RRjxlvLDkD1YJwDbroBHMb+cukurkDWNyHx7D3oNB5x9rb5ogcksMC5wHCadcXoo67gVr/+3GFySh3134zi6rw==, registry: https://mirrors.cloud.tencent.com/npm/, tarball: https://mirrors.tencent.com/npm/is-core-module/-/is-core-module-2.11.0.tgz}
    name: is-core-module
    version: 2.11.0
    dependencies:
      has: mirrors.tencent.com/has@1.0.3
    dev: true

  mirrors.tencent.com/js-string-escape@1.0.1:
    resolution: {integrity: sha1-4mJbrbwNZ8dTPp7cEGjFh65BN+8=, registry: https://mirrors.cloud.tencent.com/npm/, tarball: https://mirrors.tencent.com/npm/js-string-escape/-/js-string-escape-1.0.1.tgz}
    name: js-string-escape
    version: 1.0.1
    engines: {node: '>= 0.8'}
    dev: true

  mirrors.tencent.com/jsonc-parser@3.2.0:
    resolution: {integrity: sha512-gfFQZrcTc8CnKXp6Y4/CBT3fTc0OVuDofpre4aEeEpSBPV5X5v4+Vmx+8snU7RLPrNHPKSgLxGo9YuQzz20o+w==, registry: https://mirrors.cloud.tencent.com/npm/, tarball: https://mirrors.tencent.com/npm/jsonc-parser/-/jsonc-parser-3.2.0.tgz}
    name: jsonc-parser
    version: 3.2.0
    dev: true

  mirrors.tencent.com/local-pkg@0.4.3:
    resolution: {integrity: sha512-SFppqq5p42fe2qcZQqqEOiVRXl+WCP1MdT6k7BDEW1j++sp5fIY+/fdRQitvKgB5BrBcmrs5m/L0v2FrU5MY1g==, registry: https://mirrors.cloud.tencent.com/npm/, tarball: https://mirrors.tencent.com/npm/local-pkg/-/local-pkg-0.4.3.tgz}
    name: local-pkg
    version: 0.4.3
    engines: {node: '>=14'}
    dev: true

  mirrors.tencent.com/lodash@4.17.21:
    resolution: {integrity: sha512-v2kDEe57lecTulaDIuNTPy3Ry4gLGJ6Z1O3vE1krgXZNrsQ+LFTGHVxVjcXPs17LhbZVGedAJv8XZ1tvj5FvSg==, registry: https://mirrors.cloud.tencent.com/npm/, tarball: https://mirrors.tencent.com/npm/lodash/-/lodash-4.17.21.tgz}
    name: lodash
    version: 4.17.21
    dev: true

  mirrors.tencent.com/loupe@2.3.6:
    resolution: {integrity: sha512-RaPMZKiMy8/JruncMU5Bt6na1eftNoo++R4Y+N2FrxkDVTrGvcyzFTsaGif4QTeKESheMGegbhw6iUAq+5A8zA==, registry: https://mirrors.cloud.tencent.com/npm/, tarball: https://mirrors.tencent.com/npm/loupe/-/loupe-2.3.6.tgz}
    name: loupe
    version: 2.3.6
    dependencies:
      get-func-name: mirrors.tencent.com/get-func-name@2.0.0
    dev: true

  mirrors.tencent.com/lru-cache@6.0.0:
    resolution: {integrity: sha512-Jo6dJ04CmSjuznwJSS3pUeWmd/H0ffTlkXXgwZi+eq1UCmqQwCh+eLsYOYCwY991i2Fah4h1BEMCx4qThGbsiA==, registry: https://mirrors.cloud.tencent.com/npm/, tarball: https://mirrors.tencent.com/npm/lru-cache/-/lru-cache-6.0.0.tgz}
    name: lru-cache
    version: 6.0.0
    engines: {node: '>=10'}
    dependencies:
      yallist: mirrors.tencent.com/yallist@4.0.0
    dev: true

  mirrors.tencent.com/magic-string@0.30.0:
    resolution: {integrity: sha512-LA+31JYDJLs82r2ScLrlz1GjSgu66ZV518eyWT+S8VhyQn/JL0u9MeBOvQMGYiPk1DBiSN9DDMOcXvigJZaViQ==, registry: https://mirrors.cloud.tencent.com/npm/, tarball: https://mirrors.tencent.com/npm/magic-string/-/magic-string-0.30.0.tgz}
    name: magic-string
    version: 0.30.0
    engines: {node: '>=12'}
    dependencies:
      '@jridgewell/sourcemap-codec': mirrors.tencent.com/@jridgewell/sourcemap-codec@1.4.15
    dev: true

  mirrors.tencent.com/md5-hex@3.0.1:
    resolution: {integrity: sha512-BUiRtTtV39LIJwinWBjqVsU9xhdnz7/i889V859IBFpuqGAj6LuOvHv5XLbgZ2R7ptJoJaEcxkv88/h25T7Ciw==, registry: https://mirrors.cloud.tencent.com/npm/, tarball: https://mirrors.tencent.com/npm/md5-hex/-/md5-hex-3.0.1.tgz}
    name: md5-hex
    version: 3.0.1
    engines: {node: '>=8'}
    dependencies:
      blueimp-md5: mirrors.tencent.com/blueimp-md5@2.19.0
    dev: true

  mirrors.tencent.com/mlly@1.3.0:
    resolution: {integrity: sha512-HT5mcgIQKkOrZecOjOX3DJorTikWXwsBfpcr/MGBkhfWcjiqvnaL/9ppxvIUXfjT6xt4DVIAsN9fMUz1ev4bIw==, registry: https://mirrors.cloud.tencent.com/npm/, tarball: https://mirrors.tencent.com/npm/mlly/-/mlly-1.3.0.tgz}
    name: mlly
    version: 1.3.0
    dependencies:
      acorn: mirrors.tencent.com/acorn@8.8.2
      pathe: mirrors.tencent.com/pathe@1.1.1
      pkg-types: mirrors.tencent.com/pkg-types@1.0.3
      ufo: mirrors.tencent.com/ufo@1.1.2
    dev: true

  mirrors.tencent.com/ms@2.1.2:
    resolution: {integrity: sha512-sGkPx+VjMtmA6MX27oA4FBFELFCZZ4S4XqeGOXCv68tT+jb3vk/RyaKWP0PTKyWtmLSM0b+adUTEvbs1PEaH2w==, registry: https://mirrors.cloud.tencent.com/npm/, tarball: https://mirrors.tencent.com/npm/ms/-/ms-2.1.2.tgz}
    name: ms
    version: 2.1.2
    dev: true

  mirrors.tencent.com/nanoid@3.3.4:
    resolution: {integrity: sha512-MqBkQh/OHTS2egovRtLk45wEyNXwF+cokD+1YPf9u5VfJiRdAiRwB2froX5Co9Rh20xs4siNPm8naNotSD6RBw==, registry: https://mirrors.cloud.tencent.com/npm/, tarball: https://mirrors.tencent.com/npm/nanoid/-/nanoid-3.3.4.tgz}
    name: nanoid
    version: 3.3.4
    engines: {node: ^10 || ^12 || ^13.7 || ^14 || >=15.0.1}
    hasBin: true
    dev: true

  mirrors.tencent.com/p-limit@4.0.0:
    resolution: {integrity: sha512-5b0R4txpzjPWVw/cXXUResoD4hb6U/x9BH08L7nw+GN1sezDzPdxeRvpc9c433fZhBan/wusjbCsqwqm4EIBIQ==, registry: https://mirrors.cloud.tencent.com/npm/, tarball: https://mirrors.tencent.com/npm/p-limit/-/p-limit-4.0.0.tgz}
    name: p-limit
    version: 4.0.0
    engines: {node: ^12.20.0 || ^14.13.1 || >=16.0.0}
    dependencies:
      yocto-queue: mirrors.tencent.com/yocto-queue@1.0.0
    dev: true

  mirrors.tencent.com/path-parse@1.0.7:
    resolution: {integrity: sha512-LDJzPVEEEPR+y48z93A0Ed0yXb8pAByGWo/k5YYdYgpY2/2EsOsksJrq7lOHxryrVOn1ejG6oAp8ahvOIQD8sw==, registry: https://mirrors.cloud.tencent.com/npm/, tarball: https://mirrors.tencent.com/npm/path-parse/-/path-parse-1.0.7.tgz}
    name: path-parse
    version: 1.0.7
    dev: true

  mirrors.tencent.com/pathe@1.1.1:
    resolution: {integrity: sha512-d+RQGp0MAYTIaDBIMmOfMwz3E+LOZnxx1HZd5R18mmCZY0QBlK0LDZfPc8FW8Ed2DlvsuE6PRjroDY+wg4+j/Q==, registry: https://mirrors.cloud.tencent.com/npm/, tarball: https://mirrors.tencent.com/npm/pathe/-/pathe-1.1.1.tgz}
    name: pathe
    version: 1.1.1
    dev: true

  mirrors.tencent.com/pathval@1.1.1:
    resolution: {integrity: sha512-Dp6zGqpTdETdR63lehJYPeIOqpiNBNtc7BpWSLrOje7UaIsE5aY92r/AunQA7rsXvet3lrJ3JnZX29UPTKXyKQ==, registry: https://mirrors.cloud.tencent.com/npm/, tarball: https://mirrors.tencent.com/npm/pathval/-/pathval-1.1.1.tgz}
    name: pathval
    version: 1.1.1
    dev: true

  mirrors.tencent.com/picocolors@1.0.0:
    resolution: {integrity: sha512-1fygroTLlHu66zi26VoTDv8yRgm0Fccecssto+MhsZ0D/DGW2sm8E8AjW7NU5VVTRt5GxbeZ5qBuJr+HyLYkjQ==, registry: https://mirrors.cloud.tencent.com/npm/, tarball: https://mirrors.tencent.com/npm/picocolors/-/picocolors-1.0.0.tgz}
    name: picocolors
    version: 1.0.0
    dev: true

  mirrors.tencent.com/pkg-types@1.0.3:
    resolution: {integrity: sha512-nN7pYi0AQqJnoLPC9eHFQ8AcyaixBUOwvqc5TDnIKCMEE6I0y8P7OKA7fPexsXGCGxQDl/cmrLAp26LhcwxZ4A==, registry: https://mirrors.cloud.tencent.com/npm/, tarball: https://mirrors.tencent.com/npm/pkg-types/-/pkg-types-1.0.3.tgz}
    name: pkg-types
    version: 1.0.3
    dependencies:
      jsonc-parser: mirrors.tencent.com/jsonc-parser@3.2.0
      mlly: mirrors.tencent.com/mlly@1.3.0
      pathe: mirrors.tencent.com/pathe@1.1.1
    dev: true

  mirrors.tencent.com/postcss@8.4.21:
    resolution: {integrity: sha512-tP7u/Sn/dVxK2NnruI4H9BG+x+Wxz6oeZ1cJ8P6G/PZY0IKk4k/63TDsQf2kQq3+qoJeLm2kIBUNlZe3zgb4Zg==, registry: https://mirrors.cloud.tencent.com/npm/, tarball: https://mirrors.tencent.com/npm/postcss/-/postcss-8.4.21.tgz}
    name: postcss
    version: 8.4.21
    engines: {node: ^10 || ^12 || >=14}
    dependencies:
      nanoid: mirrors.tencent.com/nanoid@3.3.4
      picocolors: mirrors.tencent.com/picocolors@1.0.0
      source-map-js: mirrors.tencent.com/source-map-js@1.0.2
    dev: true

  mirrors.tencent.com/pretty-format@27.5.1:
    resolution: {integrity: sha512-Qb1gy5OrP5+zDf2Bvnzdl3jsTf1qXVMazbvCoKhtKqVs4/YK4ozX4gKQJJVyNe+cajNPn0KoC0MC3FUmaHWEmQ==, registry: https://mirrors.cloud.tencent.com/npm/, tarball: https://mirrors.tencent.com/npm/pretty-format/-/pretty-format-27.5.1.tgz}
    name: pretty-format
    version: 27.5.1
    engines: {node: ^10.13.0 || ^12.13.0 || ^14.15.0 || >=15.0.0}
    dependencies:
      ansi-regex: mirrors.tencent.com/ansi-regex@5.0.1
      ansi-styles: mirrors.tencent.com/ansi-styles@5.2.0
      react-is: mirrors.tencent.com/react-is@17.0.2
    dev: true

  mirrors.tencent.com/react-is@17.0.2:
    resolution: {integrity: sha512-w2GsyukL62IJnlaff/nRegPQR94C/XXamvMWmSHRJ4y7Ts/4ocGRmTHvOs8PSE6pB3dWOrD/nueuU5sduBsQ4w==, registry: https://mirrors.cloud.tencent.com/npm/, tarball: https://mirrors.tencent.com/npm/react-is/-/react-is-17.0.2.tgz}
    name: react-is
    version: 17.0.2
    dev: true

  mirrors.tencent.com/resolve@1.22.1:
    resolution: {integrity: sha512-nBpuuYuY5jFsli/JIs1oldw6fOQCBioohqWZg/2hiaOybXOft4lonv85uDOKXdf8rhyK159cxU5cDcK/NKk8zw==, registry: https://mirrors.cloud.tencent.com/npm/, tarball: https://mirrors.tencent.com/npm/resolve/-/resolve-1.22.1.tgz}
    name: resolve
    version: 1.22.1
    hasBin: true
    dependencies:
      is-core-module: mirrors.tencent.com/is-core-module@2.11.0
      path-parse: mirrors.tencent.com/path-parse@1.0.7
      supports-preserve-symlinks-flag: mirrors.tencent.com/supports-preserve-symlinks-flag@1.0.0
    dev: true

  mirrors.tencent.com/rollup@3.15.0:
    resolution: {integrity: sha512-F9hrCAhnp5/zx/7HYmftvsNBkMfLfk/dXUh73hPSM2E3CRgap65orDNJbLetoiUFwSAk6iHPLvBrZ5iHYvzqsg==, registry: https://mirrors.cloud.tencent.com/npm/, tarball: https://mirrors.tencent.com/npm/rollup/-/rollup-3.15.0.tgz}
    name: rollup
    version: 3.15.0
    engines: {node: '>=14.18.0', npm: '>=8.0.0'}
    hasBin: true
    optionalDependencies:
      fsevents: mirrors.tencent.com/fsevents@2.3.2
    dev: true

  mirrors.tencent.com/semver@7.5.1:
    resolution: {integrity: sha512-Wvss5ivl8TMRZXXESstBA4uR5iXgEN/VC5/sOcuXdVLzcdkz4HWetIoRfG5gb5X+ij/G9rw9YoGn3QoQ8OCSpw==, registry: https://mirrors.cloud.tencent.com/npm/, tarball: https://mirrors.tencent.com/npm/semver/-/semver-7.5.1.tgz}
    name: semver
    version: 7.5.1
    engines: {node: '>=10'}
    hasBin: true
    dependencies:
      lru-cache: mirrors.tencent.com/lru-cache@6.0.0
    dev: true

  mirrors.tencent.com/siginfo@2.0.0:
    resolution: {integrity: sha512-ybx0WO1/8bSBLEWXZvEd7gMW3Sn3JFlW3TvX1nREbDLRNQNaeNN8WK0meBwPdAaOI7TtRRRJn/Es1zhrrCHu7g==, registry: https://mirrors.cloud.tencent.com/npm/, tarball: https://mirrors.tencent.com/npm/siginfo/-/siginfo-2.0.0.tgz}
    name: siginfo
    version: 2.0.0
    dev: true

  mirrors.tencent.com/source-map-js@1.0.2:
    resolution: {integrity: sha512-R0XvVJ9WusLiqTCEiGCmICCMplcCkIwwR11mOSD9CR5u+IXYdiseeEuXCVAjS54zqwkLcPNnmU4OeJ6tUrWhDw==, registry: https://mirrors.cloud.tencent.com/npm/, tarball: https://mirrors.tencent.com/npm/source-map-js/-/source-map-js-1.0.2.tgz}
    name: source-map-js
    version: 1.0.2
    engines: {node: '>=0.10.0'}
    dev: true

  mirrors.tencent.com/stackback@0.0.2:
    resolution: {integrity: sha1-Gsig2Ug4SNFpXkGLbQMaPDzmjjs=, registry: https://mirrors.cloud.tencent.com/npm/, tarball: https://mirrors.tencent.com/npm/stackback/-/stackback-0.0.2.tgz}
    name: stackback
    version: 0.0.2
    dev: true

  mirrors.tencent.com/std-env@3.3.3:
    resolution: {integrity: sha512-Rz6yejtVyWnVjC1RFvNmYL10kgjC49EOghxWn0RFqlCHGFpQx+Xe7yW3I4ceK1SGrWIGMjD5Kbue8W/udkbMJg==, registry: https://mirrors.cloud.tencent.com/npm/, tarball: https://mirrors.tencent.com/npm/std-env/-/std-env-3.3.3.tgz}
    name: std-env
    version: 3.3.3
    dev: true

  mirrors.tencent.com/strip-literal@1.0.1:
    resolution: {integrity: sha512-QZTsipNpa2Ppr6v1AmJHESqJ3Uz247MUS0OjrnnZjFAvEoWqxuyFuXn2xLgMtRnijJShAa1HL0gtJyUs7u7n3Q==, registry: https://mirrors.cloud.tencent.com/npm/, tarball: https://mirrors.tencent.com/npm/strip-literal/-/strip-literal-1.0.1.tgz}
    name: strip-literal
    version: 1.0.1
    dependencies:
      acorn: mirrors.tencent.com/acorn@8.8.2
    dev: true

  mirrors.tencent.com/supports-preserve-symlinks-flag@1.0.0:
    resolution: {integrity: sha512-ot0WnXS9fgdkgIcePe6RHNk1WA8+muPa6cSjeR3V8K27q9BB1rTE3R1p7Hv0z1ZyAc8s6Vvv8DIyWf681MAt0w==, registry: https://mirrors.cloud.tencent.com/npm/, tarball: https://mirrors.tencent.com/npm/supports-preserve-symlinks-flag/-/supports-preserve-symlinks-flag-1.0.0.tgz}
    name: supports-preserve-symlinks-flag
    version: 1.0.0
    engines: {node: '>= 0.4'}
    dev: true

  mirrors.tencent.com/time-zone@1.0.0:
    resolution: {integrity: sha1-mcW/VZWJZq9tBtg73zgA3IL67F0=, registry: https://mirrors.cloud.tencent.com/npm/, tarball: https://mirrors.tencent.com/npm/time-zone/-/time-zone-1.0.0.tgz}
    name: time-zone
    version: 1.0.0
    engines: {node: '>=4'}
    dev: true

  mirrors.tencent.com/tinybench@2.5.0:
    resolution: {integrity: sha512-kRwSG8Zx4tjF9ZiyH4bhaebu+EDz1BOx9hOigYHlUW4xxI/wKIUQUqo018UlU4ar6ATPBsaMrdbKZ+tmPdohFA==, registry: https://mirrors.cloud.tencent.com/npm/, tarball: https://mirrors.tencent.com/npm/tinybench/-/tinybench-2.5.0.tgz}
    name: tinybench
    version: 2.5.0
    dev: true

  mirrors.tencent.com/tinypool@0.5.0:
    resolution: {integrity: sha512-paHQtnrlS1QZYKF/GnLoOM/DN9fqaGOFbCbxzAhwniySnzl9Ebk8w73/dd34DAhe/obUbPAOldTyYXQZxnPBPQ==, registry: https://mirrors.cloud.tencent.com/npm/, tarball: https://mirrors.tencent.com/npm/tinypool/-/tinypool-0.5.0.tgz}
    name: tinypool
    version: 0.5.0
    engines: {node: '>=14.0.0'}
    dev: true

  mirrors.tencent.com/tinyspy@2.1.1:
    resolution: {integrity: sha512-XPJL2uSzcOyBMky6OFrusqWlzfFrXtE0hPuMgW8A2HmaqrPo4ZQHRN/V0QXN3FSjKxpsbRrFc5LI7KOwBsT1/w==, registry: https://mirrors.cloud.tencent.com/npm/, tarball: https://mirrors.tencent.com/npm/tinyspy/-/tinyspy-2.1.1.tgz}
    name: tinyspy
    version: 2.1.1
    engines: {node: '>=14.0.0'}
    dev: true

  mirrors.tencent.com/type-detect@4.0.8:
    resolution: {integrity: sha512-0fr/mIH1dlO+x7TlcMy+bIDqKPsw/70tVyeHW787goQjhmqaZe10uwLujubK9q9Lg6Fiho1KUKDYz0Z7k7g5/g==, registry: https://mirrors.cloud.tencent.com/npm/, tarball: https://mirrors.tencent.com/npm/type-detect/-/type-detect-4.0.8.tgz}
    name: type-detect
    version: 4.0.8
    engines: {node: '>=4'}
    dev: true

  mirrors.tencent.com/ufo@1.1.2:
    resolution: {integrity: sha512-TrY6DsjTQQgyS3E3dBaOXf0TpPD8u9FVrVYmKVegJuFw51n/YB9XPt+U6ydzFG5ZIN7+DIjPbNmXoBj9esYhgQ==, registry: https://mirrors.cloud.tencent.com/npm/, tarball: https://mirrors.tencent.com/npm/ufo/-/ufo-1.1.2.tgz}
    name: ufo
    version: 1.1.2
    dev: true

  mirrors.tencent.com/vite-node@0.32.0(@types/node@20.3.1):
    resolution: {integrity: sha512-220P/y8YacYAU+daOAqiGEFXx2A8AwjadDzQqos6wSukjvvTWNqleJSwoUn0ckyNdjHIKoxn93Nh1vWBqEKr3Q==, registry: https://mirrors.cloud.tencent.com/npm/, tarball: https://mirrors.tencent.com/npm/vite-node/-/vite-node-0.32.0.tgz}
    id: mirrors.tencent.com/vite-node/0.32.0
    name: vite-node
    version: 0.32.0
    engines: {node: '>=v14.18.0'}
    hasBin: true
    dependencies:
      cac: mirrors.tencent.com/cac@6.7.14
      debug: mirrors.tencent.com/debug@4.3.4
      mlly: mirrors.tencent.com/mlly@1.3.0
      pathe: mirrors.tencent.com/pathe@1.1.1
      picocolors: mirrors.tencent.com/picocolors@1.0.0
      vite: mirrors.tencent.com/vite@4.1.1(@types/node@20.3.1)
    transitivePeerDependencies:
      - '@types/node'
      - less
      - sass
      - stylus
      - sugarss
      - supports-color
      - terser
    dev: true

  mirrors.tencent.com/vite@4.1.1(@types/node@20.3.1):
    resolution: {integrity: sha512-LM9WWea8vsxhr782r9ntg+bhSFS06FJgCvvB0+8hf8UWtvaiDagKYWXndjfX6kGl74keHJUcpzrQliDXZlF5yg==, registry: https://mirrors.cloud.tencent.com/npm/, tarball: https://mirrors.tencent.com/npm/vite/-/vite-4.1.1.tgz}
    id: mirrors.tencent.com/vite/4.1.1
    name: vite
    version: 4.1.1
    engines: {node: ^14.18.0 || >=16.0.0}
    hasBin: true
    peerDependencies:
      '@types/node': '>= 14'
      less: '*'
      sass: '*'
      stylus: '*'
      sugarss: '*'
      terser: ^5.4.0
    peerDependenciesMeta:
      '@types/node':
        optional: true
      less:
        optional: true
      sass:
        optional: true
      stylus:
        optional: true
      sugarss:
        optional: true
      terser:
        optional: true
    dependencies:
      '@types/node': mirrors.tencent.com/@types/node@20.3.1
      esbuild: mirrors.tencent.com/esbuild@0.16.17
      postcss: mirrors.tencent.com/postcss@8.4.21
      resolve: mirrors.tencent.com/resolve@1.22.1
      rollup: mirrors.tencent.com/rollup@3.15.0
    optionalDependencies:
      fsevents: mirrors.tencent.com/fsevents@2.3.2
    dev: true

  mirrors.tencent.com/vitest@0.32.0:
    resolution: {integrity: sha512-SW83o629gCqnV3BqBnTxhB10DAwzwEx3z+rqYZESehUB+eWsJxwcBQx7CKy0otuGMJTYh7qCVuUX23HkftGl/Q==, registry: https://mirrors.cloud.tencent.com/npm/, tarball: https://mirrors.tencent.com/npm/vitest/-/vitest-0.32.0.tgz}
    name: vitest
    version: 0.32.0
    engines: {node: '>=v14.18.0'}
    hasBin: true
    peerDependencies:
      '@edge-runtime/vm': '*'
      '@vitest/browser': '*'
      '@vitest/ui': '*'
      happy-dom: '*'
      jsdom: '*'
      playwright: '*'
      safaridriver: '*'
      webdriverio: '*'
    peerDependenciesMeta:
      '@edge-runtime/vm':
        optional: true
      '@vitest/browser':
        optional: true
      '@vitest/ui':
        optional: true
      happy-dom:
        optional: true
      jsdom:
        optional: true
      playwright:
        optional: true
      safaridriver:
        optional: true
      webdriverio:
        optional: true
    dependencies:
      '@types/chai': mirrors.tencent.com/@types/chai@4.3.5
      '@types/chai-subset': mirrors.tencent.com/@types/chai-subset@1.3.3
      '@types/node': mirrors.tencent.com/@types/node@20.3.1
      '@vitest/expect': mirrors.tencent.com/@vitest/expect@0.32.0
      '@vitest/runner': mirrors.tencent.com/@vitest/runner@0.32.0
      '@vitest/snapshot': mirrors.tencent.com/@vitest/snapshot@0.32.0
      '@vitest/spy': mirrors.tencent.com/@vitest/spy@0.32.0
      '@vitest/utils': mirrors.tencent.com/@vitest/utils@0.32.0
      acorn: mirrors.tencent.com/acorn@8.8.2
      acorn-walk: mirrors.tencent.com/acorn-walk@8.2.0
      cac: mirrors.tencent.com/cac@6.7.14
      chai: mirrors.tencent.com/chai@4.3.7
      concordance: mirrors.tencent.com/concordance@5.0.4
      debug: mirrors.tencent.com/debug@4.3.4
      local-pkg: mirrors.tencent.com/local-pkg@0.4.3
      magic-string: mirrors.tencent.com/magic-string@0.30.0
      pathe: mirrors.tencent.com/pathe@1.1.1
      picocolors: mirrors.tencent.com/picocolors@1.0.0
      std-env: mirrors.tencent.com/std-env@3.3.3
      strip-literal: mirrors.tencent.com/strip-literal@1.0.1
      tinybench: mirrors.tencent.com/tinybench@2.5.0
      tinypool: mirrors.tencent.com/tinypool@0.5.0
      vite: mirrors.tencent.com/vite@4.1.1(@types/node@20.3.1)
      vite-node: mirrors.tencent.com/vite-node@0.32.0(@types/node@20.3.1)
      why-is-node-running: mirrors.tencent.com/why-is-node-running@2.2.2
    transitivePeerDependencies:
      - less
      - sass
      - stylus
      - sugarss
      - supports-color
      - terser
    dev: true

  mirrors.tencent.com/well-known-symbols@2.0.0:
    resolution: {integrity: sha512-ZMjC3ho+KXo0BfJb7JgtQ5IBuvnShdlACNkKkdsqBmYw3bPAaJfPeYUo6tLUaT5tG/Gkh7xkpBhKRQ9e7pyg9Q==, registry: https://mirrors.cloud.tencent.com/npm/, tarball: https://mirrors.tencent.com/npm/well-known-symbols/-/well-known-symbols-2.0.0.tgz}
    name: well-known-symbols
    version: 2.0.0
    engines: {node: '>=6'}
    dev: true

  mirrors.tencent.com/why-is-node-running@2.2.2:
    resolution: {integrity: sha512-6tSwToZxTOcotxHeA+qGCq1mVzKR3CwcJGmVcY+QE8SHy6TnpFnh8PAvPNHYr7EcuVeG0QSMxtYCuO1ta/G/oA==, registry: https://mirrors.cloud.tencent.com/npm/, tarball: https://mirrors.tencent.com/npm/why-is-node-running/-/why-is-node-running-2.2.2.tgz}
    name: why-is-node-running
    version: 2.2.2
    engines: {node: '>=8'}
    hasBin: true
    dependencies:
      siginfo: mirrors.tencent.com/siginfo@2.0.0
      stackback: mirrors.tencent.com/stackback@0.0.2
    dev: true

  mirrors.tencent.com/yallist@4.0.0:
    resolution: {integrity: sha512-3wdGidZyq5PB084XLES5TpOSRA3wjXAlIWMhum2kRcv/41Sn2emQ0dycQW4uZXLejwKvg6EsvbdlVL+FYEct7A==, registry: https://mirrors.cloud.tencent.com/npm/, tarball: https://mirrors.tencent.com/npm/yallist/-/yallist-4.0.0.tgz}
    name: yallist
    version: 4.0.0
    dev: true

  mirrors.tencent.com/yocto-queue@1.0.0:
    resolution: {integrity: sha512-9bnSc/HEW2uRy67wc+T8UwauLuPJVn28jb+GtJY16iiKWyvmYJRXVT4UamsAEGQfPohgr2q4Tq0sQbQlxTfi1g==, registry: https://mirrors.cloud.tencent.com/npm/, tarball: https://mirrors.tencent.com/npm/yocto-queue/-/yocto-queue-1.0.0.tgz}
    name: yocto-queue
    version: 1.0.0
    engines: {node: '>=12.20'}
    dev: true
